
Microsoft Visual Studio Solution File, Format Version 12.00
# Visual Studio Version 16
VisualStudioVersion = 16.0.28803.352
MinimumVisualStudioVersion = 10.0.40219.1
Project("{9A19103F-16F7-4668-BE54-9A1E7A4F7556}") = "ExcelEditor", "ExcelEditor\ExcelEditor.csproj", "{D65D5C59-04BA-457A-B361-418B4B814B60}"
EndProject
Project("{2150E333-8FDC-42A3-9474-1A3956D46DE8}") = ".config", ".config", "{E8D1556D-8BDE-47A7-AB23-71C9192DF74B}"
	ProjectSection(SolutionItems) = preProject
		ExcelEditor\ExcelEditor.args.json = ExcelEditor\ExcelEditor.args.json
	EndProjectSection
EndProject
Project("{9A19103F-16F7-4668-BE54-9A1E7A4F7556}") = "ExcelEditor.Lib.Tests", "ExcelEditor.Lib.Tests\ExcelEditor.Lib.Tests.csproj", "{C53AF488-329A-4B05-ADE3-809DB9E3D07C}"
EndProject
Project("{9A19103F-16F7-4668-BE54-9A1E7A4F7556}") = "ExcelEditor.Lib", "ExcelEditor.Lib\ExcelEditor.Lib.csproj", "{CE98D5BE-089B-49D2-B5AA-CEF66FBEFF33}"
EndProject
Global
	GlobalSection(SolutionConfigurationPlatforms) = preSolution
		Debug|x64 = Debug|x64
		Release|x64 = Release|x64
	EndGlobalSection
	GlobalSection(ProjectConfigurationPlatforms) = postSolution
		{D65D5C59-04BA-457A-B361-418B4B814B60}.Debug|x64.ActiveCfg = Debug|x64
		{D65D5C59-04BA-457A-B361-418B4B814B60}.Debug|x64.Build.0 = Debug|x64
		{D65D5C59-04BA-457A-B361-418B4B814B60}.Release|x64.ActiveCfg = Release|x64
		{D65D5C59-04BA-457A-B361-418B4B814B60}.Release|x64.Build.0 = Release|x64
		{C53AF488-329A-4B05-ADE3-809DB9E3D07C}.Debug|x64.ActiveCfg = Debug|x64
		{C53AF488-329A-4B05-ADE3-809DB9E3D07C}.Debug|x64.Build.0 = Debug|x64
		{C53AF488-329A-4B05-ADE3-809DB9E3D07C}.Release|x64.ActiveCfg = Release|x64
		{C53AF488-329A-4B05-ADE3-809DB9E3D07C}.Release|x64.Build.0 = Release|x64
		{CE98D5BE-089B-49D2-B5AA-CEF66FBEFF33}.Debug|x64.ActiveCfg = Debug|x64
		{CE98D5BE-089B-49D2-B5AA-CEF66FBEFF33}.Debug|x64.Build.0 = Debug|x64
		{CE98D5BE-089B-49D2-B5AA-CEF66FBEFF33}.Release|x64.ActiveCfg = Release|x64
		{CE98D5BE-089B-49D2-B5AA-CEF66FBEFF33}.Release|x64.Build.0 = Release|x64
	EndGlobalSection
	GlobalSection(SolutionProperties) = preSolution
		HideSolutionNode = FALSE
	EndGlobalSection
	GlobalSection(ExtensibilityGlobals) = postSolution
		SolutionGuid = {7880E132-F9BF-49FE-A7C9-7D9CD5112153}
	EndGlobalSection
EndGlobal
